
Microsoft Visual Studio Solution File, Format Version 12.00
# Visual Studio Version 17
VisualStudioVersion = 17.4.33213.308
MinimumVisualStudioVersion = 10.0.40219.1
Project("{8BC9CEB8-8B4A-11D0-8D11-00A0C91BC942}") = "Task_2_2", "Task_2_2.vcxproj", "{BA76B2ED-A400-4BB1-A9B0-B4C0C8AF87EC}"
EndProject
Global
	GlobalSection(SolutionConfigurationPlatforms) = preSolution
		Debug|x64 = Debug|x64
		Debug|x86 = Debug|x86
		Release|x64 = Release|x64
		Release|x86 = Release|x86
	EndGlobalSection
	GlobalSection(ProjectConfigurationPlatforms) = postSolution
		{BA76B2ED-A400-4BB1-A9B0-B4C0C8AF87EC}.Debug|x64.ActiveCfg = Debug|x64
		{BA76B2ED-A400-4BB1-A9B0-B4C0C8AF87EC}.Debug|x64.Build.0 = Debug|x64
		{BA76B2ED-A400-4BB1-A9B0-B4C0C8AF87EC}.Debug|x86.ActiveCfg = Debug|Win32
		{BA76B2ED-A400-4BB1-A9B0-B4C0C8AF87EC}.Debug|x86.Build.0 = Debug|Win32
		{BA76B2ED-A400-4BB1-A9B0-B4C0C8AF87EC}.Release|x64.ActiveCfg = Release|x64
		{BA76B2ED-A400-4BB1-A9B0-B4C0C8AF87EC}.Release|x64.Build.0 = Release|x64
		{BA76B2ED-A400-4BB1-A9B0-B4C0C8AF87EC}.Release|x86.ActiveCfg = Release|Win32
		{BA76B2ED-A400-4BB1-A9B0-B4C0C8AF87EC}.Release|x86.Build.0 = Release|Win32
	EndGlobalSection
	GlobalSection(SolutionProperties) = preSolution
		HideSolutionNode = FALSE
	EndGlobalSection
	GlobalSection(ExtensibilityGlobals) = postSolution
		SolutionGuid = {62B82D31-B6DC-4C74-AFC0-79BF4F14CDA5}
	EndGlobalSection
EndGlobal
