
Microsoft Visual Studio Solution File, Format Version 12.00
# Visual Studio Version 17
VisualStudioVersion = 17.3.32929.385
MinimumVisualStudioVersion = 10.0.40219.1
Project("{8BC9CEB8-8B4A-11D0-8D11-00A0C91BC942}") = "Task_4_1", "Task_4_1.vcxproj", "{38A4513F-1E34-4B90-891C-3559D22449E8}"
EndProject
Global
	GlobalSection(SolutionConfigurationPlatforms) = preSolution
		Debug|x64 = Debug|x64
		Debug|x86 = Debug|x86
		Release|x64 = Release|x64
		Release|x86 = Release|x86
	EndGlobalSection
	GlobalSection(ProjectConfigurationPlatforms) = postSolution
		{38A4513F-1E34-4B90-891C-3559D22449E8}.Debug|x64.ActiveCfg = Debug|x64
		{38A4513F-1E34-4B90-891C-3559D22449E8}.Debug|x64.Build.0 = Debug|x64
		{38A4513F-1E34-4B90-891C-3559D22449E8}.Debug|x86.ActiveCfg = Debug|Win32
		{38A4513F-1E34-4B90-891C-3559D22449E8}.Debug|x86.Build.0 = Debug|Win32
		{38A4513F-1E34-4B90-891C-3559D22449E8}.Release|x64.ActiveCfg = Release|x64
		{38A4513F-1E34-4B90-891C-3559D22449E8}.Release|x64.Build.0 = Release|x64
		{38A4513F-1E34-4B90-891C-3559D22449E8}.Release|x86.ActiveCfg = Release|Win32
		{38A4513F-1E34-4B90-891C-3559D22449E8}.Release|x86.Build.0 = Release|Win32
	EndGlobalSection
	GlobalSection(SolutionProperties) = preSolution
		HideSolutionNode = FALSE
	EndGlobalSection
	GlobalSection(ExtensibilityGlobals) = postSolution
		SolutionGuid = {9F381AC1-5A63-4C72-B135-2165B7B056CA}
	EndGlobalSection
EndGlobal
